// !$*UTF8*$!
{
	archiveVersion = 1;
	classes = {
	};
	objectVersion = 50;
	objects = {

/* Begin PBXBuildFile section */
		A62D894F263D339C00192109 /* AppDelegate.swift in Sources */ = {isa = PBXBuildFile; fileRef = A62D894E263D339C00192109 /* AppDelegate.swift */; };
		A62D8951263D339C00192109 /* SceneDelegate.swift in Sources */ = {isa = PBXBuildFile; fileRef = A62D8950263D339C00192109 /* SceneDelegate.swift */; };
		A62D8953263D339C00192109 /* ContentView.swift in Sources */ = {isa = PBXBuildFile; fileRef = A62D8952263D339C00192109 /* ContentView.swift */; };
		A62D8955263D33A200192109 /* Assets.xcassets in Resources */ = {isa = PBXBuildFile; fileRef = A62D8954263D33A200192109 /* Assets.xcassets */; };
		A62D8958263D33A200192109 /* Preview Assets.xcassets in Resources */ = {isa = PBXBuildFile; fileRef = A62D8957263D33A200192109 /* Preview Assets.xcassets */; };
		A62D895B263D33A200192109 /* LaunchScreen.storyboard in Resources */ = {isa = PBXBuildFile; fileRef = A62D8959263D33A200192109 /* LaunchScreen.storyboard */; };
		A62D8966263D33A200192109 /* TableviewsTests.swift in Sources */ = {isa = PBXBuildFile; fileRef = A62D8965263D33A200192109 /* TableviewsTests.swift */; };
		A62D8971263D33A200192109 /* TableviewsUITests.swift in Sources */ = {isa = PBXBuildFile; fileRef = A62D8970263D33A200192109 /* TableviewsUITests.swift */; };
		A62D8980263D351600192109 /* Friend.swift in Sources */ = {isa = PBXBuildFile; fileRef = A62D897F263D351600192109 /* Friend.swift */; };
		A62D8982263D35C400192109 /* FriendList.swift in Sources */ = {isa = PBXBuildFile; fileRef = A62D8981263D35C400192109 /* FriendList.swift */; };
/* End PBXBuildFile section */

/* Begin PBXContainerItemProxy section */
		A62D8962263D33A200192109 /* PBXContainerItemProxy */ = {
			isa = PBXContainerItemProxy;
			containerPortal = A62D8943263D339C00192109 /* Project object */;
			proxyType = 1;
			remoteGlobalIDString = A62D894A263D339C00192109;
			remoteInfo = Tableviews;
		};
		A62D896D263D33A200192109 /* PBXContainerItemProxy */ = {
			isa = PBXContainerItemProxy;
			containerPortal = A62D8943263D339C00192109 /* Project object */;
			proxyType = 1;
			remoteGlobalIDString = A62D894A263D339C00192109;
			remoteInfo = Tableviews;
		};
/* End PBXContainerItemProxy section */

/* Begin PBXFileReference section */
		A62D894B263D339C00192109 /* Tableviews.app */ = {isa = PBXFileReference; explicitFileType = wrapper.application; includeInIndex = 0; path = Tableviews.app; sourceTree = BUILT_PRODUCTS_DIR; };
		A62D894E263D339C00192109 /* AppDelegate.swift */ = {isa = PBXFileReference; lastKnownFileType = sourcecode.swift; path = AppDelegate.swift; sourceTree = "<group>"; };
		A62D8950263D339C00192109 /* SceneDelegate.swift */ = {isa = PBXFileReference; lastKnownFileType = sourcecode.swift; path = SceneDelegate.swift; sourceTree = "<group>"; };
		A62D8952263D339C00192109 /* ContentView.swift */ = {isa = PBXFileReference; lastKnownFileType = sourcecode.swift; path = ContentView.swift; sourceTree = "<group>"; };
		A62D8954263D33A200192109 /* Assets.xcassets */ = {isa = PBXFileReference; lastKnownFileType = folder.assetcatalog; path = Assets.xcassets; sourceTree = "<group>"; };
		A62D8957263D33A200192109 /* Preview Assets.xcassets */ = {isa = PBXFileReference; lastKnownFileType = folder.assetcatalog; path = "Preview Assets.xcassets"; sourceTree = "<group>"; };
		A62D895A263D33A200192109 /* Base */ = {isa = PBXFileReference; lastKnownFileType = file.storyboard; name = Base; path = Base.lproj/LaunchScreen.storyboard; sourceTree = "<group>"; };
		A62D895C263D33A200192109 /* Info.plist */ = {isa = PBXFileReference; lastKnownFileType = text.plist.xml; path = Info.plist; sourceTree = "<group>"; };
		A62D8961263D33A200192109 /* TableviewsTests.xctest */ = {isa = PBXFileReference; explicitFileType = wrapper.cfbundle; includeInIndex = 0; path = TableviewsTests.xctest; sourceTree = BUILT_PRODUCTS_DIR; };
		A62D8965263D33A200192109 /* TableviewsTests.swift */ = {isa = PBXFileReference; lastKnownFileType = sourcecode.swift; path = TableviewsTests.swift; sourceTree = "<group>"; };
		A62D8967263D33A200192109 /* Info.plist */ = {isa = PBXFileReference; lastKnownFileType = text.plist.xml; path = Info.plist; sourceTree = "<group>"; };
		A62D896C263D33A200192109 /* TableviewsUITests.xctest */ = {isa = PBXFileReference; explicitFileType = wrapper.cfbundle; includeInIndex = 0; path = TableviewsUITests.xctest; sourceTree = BUILT_PRODUCTS_DIR; };
		A62D8970263D33A200192109 /* TableviewsUITests.swift */ = {isa = PBXFileReference; lastKnownFileType = sourcecode.swift; path = TableviewsUITests.swift; sourceTree = "<group>"; };
		A62D8972263D33A200192109 /* Info.plist */ = {isa = PBXFileReference; lastKnownFileType = text.plist.xml; path = Info.plist; sourceTree = "<group>"; };
		A62D897F263D351600192109 /* Friend.swift */ = {isa = PBXFileReference; lastKnownFileType = sourcecode.swift; path = Friend.swift; sourceTree = "<group>"; };
		A62D8981263D35C400192109 /* FriendList.swift */ = {isa = PBXFileReference; lastKnownFileType = sourcecode.swift; path = FriendList.swift; sourceTree = "<group>"; };
/* End PBXFileReference section */

/* Begin PBXFrameworksBuildPhase section */
		A62D8948263D339C00192109 /* Frameworks */ = {
			isa = PBXFrameworksBuildPhase;
			buildActionMask = 2147483647;
			files = (
			);
			runOnlyForDeploymentPostprocessing = 0;
		};
		A62D895E263D33A200192109 /* Frameworks */ = {
			isa = PBXFrameworksBuildPhase;
			buildActionMask = 2147483647;
			files = (
			);
			runOnlyForDeploymentPostprocessing = 0;
		};
		A62D8969263D33A200192109 /* Frameworks */ = {
			isa = PBXFrameworksBuildPhase;
			buildActionMask = 2147483647;
			files = (
			);
			runOnlyForDeploymentPostprocessing = 0;
		};
/* End PBXFrameworksBuildPhase section */

/* Begin PBXGroup section */
		A62D8942263D339C00192109 = {
			isa = PBXGroup;
			children = (
				A62D894D263D339C00192109 /* Tableviews */,
				A62D8964263D33A200192109 /* TableviewsTests */,
				A62D896F263D33A200192109 /* TableviewsUITests */,
				A62D894C263D339C00192109 /* Products */,
			);
			sourceTree = "<group>";
		};
		A62D894C263D339C00192109 /* Products */ = {
			isa = PBXGroup;
			children = (
				A62D894B263D339C00192109 /* Tableviews.app */,
				A62D8961263D33A200192109 /* TableviewsTests.xctest */,
				A62D896C263D33A200192109 /* TableviewsUITests.xctest */,
			);
			name = Products;
			sourceTree = "<group>";
		};
		A62D894D263D339C00192109 /* Tableviews */ = {
			isa = PBXGroup;
			children = (
				A62D897E263D349F00192109 /* Model */,
				A62D894E263D339C00192109 /* AppDelegate.swift */,
				A62D8950263D339C00192109 /* SceneDelegate.swift */,
				A62D8952263D339C00192109 /* ContentView.swift */,
				A62D8954263D33A200192109 /* Assets.xcassets */,
				A62D8959263D33A200192109 /* LaunchScreen.storyboard */,
				A62D895C263D33A200192109 /* Info.plist */,
				A62D8956263D33A200192109 /* Preview Content */,
				A62D8981263D35C400192109 /* FriendList.swift */,
			);
			path = Tableviews;
			sourceTree = "<group>";
		};
		A62D8956263D33A200192109 /* Preview Content */ = {
			isa = PBXGroup;
			children = (
				A62D8957263D33A200192109 /* Preview Assets.xcassets */,
			);
			path = "Preview Content";
			sourceTree = "<group>";
		};
		A62D8964263D33A200192109 /* TableviewsTests */ = {
			isa = PBXGroup;
			children = (
				A62D8965263D33A200192109 /* TableviewsTests.swift */,
				A62D8967263D33A200192109 /* Info.plist */,
			);
			path = TableviewsTests;
			sourceTree = "<group>";
		};
		A62D896F263D33A200192109 /* TableviewsUITests */ = {
			isa = PBXGroup;
			children = (
				A62D8970263D33A200192109 /* TableviewsUITests.swift */,
				A62D8972263D33A200192109 /* Info.plist */,
			);
			path = TableviewsUITests;
			sourceTree = "<group>";
		};
		A62D897E263D349F00192109 /* Model */ = {
			isa = PBXGroup;
			children = (
				A62D897F263D351600192109 /* Friend.swift */,
			);
			path = Model;
			sourceTree = "<group>";
		};
/* End PBXGroup section */

/* Begin PBXNativeTarget section */
		A62D894A263D339C00192109 /* Tableviews */ = {
			isa = PBXNativeTarget;
			buildConfigurationList = A62D8975263D33A200192109 /* Build configuration list for PBXNativeTarget "Tableviews" */;
			buildPhases = (
				A62D8947263D339C00192109 /* Sources */,
				A62D8948263D339C00192109 /* Frameworks */,
				A62D8949263D339C00192109 /* Resources */,
			);
			buildRules = (
			);
			dependencies = (
			);
			name = Tableviews;
			productName = Tableviews;
			productReference = A62D894B263D339C00192109 /* Tableviews.app */;
			productType = "com.apple.product-type.application";
		};
		A62D8960263D33A200192109 /* TableviewsTests */ = {
			isa = PBXNativeTarget;
			buildConfigurationList = A62D8978263D33A200192109 /* Build configuration list for PBXNativeTarget "TableviewsTests" */;
			buildPhases = (
				A62D895D263D33A200192109 /* Sources */,
				A62D895E263D33A200192109 /* Frameworks */,
				A62D895F263D33A200192109 /* Resources */,
			);
			buildRules = (
			);
			dependencies = (
				A62D8963263D33A200192109 /* PBXTargetDependency */,
			);
			name = TableviewsTests;
			productName = TableviewsTests;
			productReference = A62D8961263D33A200192109 /* TableviewsTests.xctest */;
			productType = "com.apple.product-type.bundle.unit-test";
		};
		A62D896B263D33A200192109 /* TableviewsUITests */ = {
			isa = PBXNativeTarget;
			buildConfigurationList = A62D897B263D33A200192109 /* Build configuration list for PBXNativeTarget "TableviewsUITests" */;
			buildPhases = (
				A62D8968263D33A200192109 /* Sources */,
				A62D8969263D33A200192109 /* Frameworks */,
				A62D896A263D33A200192109 /* Resources */,
			);
			buildRules = (
			);
			dependencies = (
				A62D896E263D33A200192109 /* PBXTargetDependency */,
			);
			name = TableviewsUITests;
			productName = TableviewsUITests;
			productReference = A62D896C263D33A200192109 /* TableviewsUITests.xctest */;
			productType = "com.apple.product-type.bundle.ui-testing";
		};
/* End PBXNativeTarget section */

/* Begin PBXProject section */
		A62D8943263D339C00192109 /* Project object */ = {
			isa = PBXProject;
			attributes = {
				LastSwiftUpdateCheck = 1160;
				LastUpgradeCheck = 1160;
				ORGANIZATIONNAME = rasika;
				TargetAttributes = {
					A62D894A263D339C00192109 = {
						CreatedOnToolsVersion = 11.6;
					};
					A62D8960263D33A200192109 = {
						CreatedOnToolsVersion = 11.6;
						TestTargetID = A62D894A263D339C00192109;
					};
					A62D896B263D33A200192109 = {
						CreatedOnToolsVersion = 11.6;
						TestTargetID = A62D894A263D339C00192109;
					};
				};
			};
			buildConfigurationList = A62D8946263D339C00192109 /* Build configuration list for PBXProject "Tableviews" */;
			compatibilityVersion = "Xcode 9.3";
			developmentRegion = en;
			hasScannedForEncodings = 0;
			knownRegions = (
				en,
				Base,
			);
			mainGroup = A62D8942263D339C00192109;
			productRefGroup = A62D894C263D339C00192109 /* Products */;
			projectDirPath = "";
			projectRoot = "";
			targets = (
				A62D894A263D339C00192109 /* Tableviews */,
				A62D8960263D33A200192109 /* TableviewsTests */,
				A62D896B263D33A200192109 /* TableviewsUITests */,
			);
		};
/* End PBXProject section */

/* Begin PBXResourcesBuildPhase section */
		A62D8949263D339C00192109 /* Resources */ = {
			isa = PBXResourcesBuildPhase;
			buildActionMask = 2147483647;
			files = (
				A62D895B263D33A200192109 /* LaunchScreen.storyboard in Resources */,
				A62D8958263D33A200192109 /* Preview Assets.xcassets in Resources */,
				A62D8955263D33A200192109 /* Assets.xcassets in Resources */,
			);
			runOnlyForDeploymentPostprocessing = 0;
		};
		A62D895F263D33A200192109 /* Resources */ = {
			isa = PBXResourcesBuildPhase;
			buildActionMask = 2147483647;
			files = (
			);
			runOnlyForDeploymentPostprocessing = 0;
		};
		A62D896A263D33A200192109 /* Resources */ = {
			isa = PBXResourcesBuildPhase;
			buildActionMask = 2147483647;
			files = (
			);
			runOnlyForDeploymentPostprocessing = 0;
		};
/* End PBXResourcesBuildPhase section */

/* Begin PBXSourcesBuildPhase section */
		A62D8947263D339C00192109 /* Sources */ = {
			isa = PBXSourcesBuildPhase;
			buildActionMask = 2147483647;
			files = (
				A62D894F263D339C00192109 /* AppDelegate.swift in Sources */,
				A62D8982263D35C400192109 /* FriendList.swift in Sources */,
				A62D8951263D339C00192109 /* SceneDelegate.swift in Sources */,
				A62D8953263D339C00192109 /* ContentView.swift in Sources */,
				A62D8980263D351600192109 /* Friend.swift in Sources */,
			);
			runOnlyForDeploymentPostprocessing = 0;
		};
		A62D895D263D33A200192109 /* Sources */ = {
			isa = PBXSourcesBuildPhase;
			buildActionMask = 2147483647;
			files = (
				A62D8966263D33A200192109 /* TableviewsTests.swift in Sources */,
			);
			runOnlyForDeploymentPostprocessing = 0;
		};
		A62D8968263D33A200192109 /* Sources */ = {
			isa = PBXSourcesBuildPhase;
			buildActionMask = 2147483647;
			files = (
				A62D8971263D33A200192109 /* TableviewsUITests.swift in Sources */,
			);
			runOnlyForDeploymentPostprocessing = 0;
		};
/* End PBXSourcesBuildPhase section */

/* Begin PBXTargetDependency section */
		A62D8963263D33A200192109 /* PBXTargetDependency */ = {
			isa = PBXTargetDependency;
			target = A62D894A263D339C00192109 /* Tableviews */;
			targetProxy = A62D8962263D33A200192109 /* PBXContainerItemProxy */;
		};
		A62D896E263D33A200192109 /* PBXTargetDependency */ = {
			isa = PBXTargetDependency;
			target = A62D894A263D339C00192109 /* Tableviews */;
			targetProxy = A62D896D263D33A200192109 /* PBXContainerItemProxy */;
		};
/* End PBXTargetDependency section */

/* Begin PBXVariantGroup section */
		A62D8959263D33A200192109 /* LaunchScreen.storyboard */ = {
			isa = PBXVariantGroup;
			children = (
				A62D895A263D33A200192109 /* Base */,
			);
			name = LaunchScreen.storyboard;
			sourceTree = "<group>";
		};
/* End PBXVariantGroup section */

/* Begin XCBuildConfiguration section */
		A62D8973263D33A200192109 /* Debug */ = {
			isa = XCBuildConfiguration;
			buildSettings = {
				ALWAYS_SEARCH_USER_PATHS = NO;
				CLANG_ANALYZER_NONNULL = YES;
				CLANG_ANALYZER_NUMBER_OBJECT_CONVERSION = YES_AGGRESSIVE;
				CLANG_CXX_LANGUAGE_STANDARD = "gnu++14";
				CLANG_CXX_LIBRARY = "libc++";
				CLANG_ENABLE_MODULES = YES;
				CLANG_ENABLE_OBJC_ARC = YES;
				CLANG_ENABLE_OBJC_WEAK = YES;
				CLANG_WARN_BLOCK_CAPTURE_AUTORELEASING = YES;
				CLANG_WARN_BOOL_CONVERSION = YES;
				CLANG_WARN_COMMA = YES;
				CLANG_WARN_CONSTANT_CONVERSION = YES;
				CLANG_WARN_DEPRECATED_OBJC_IMPLEMENTATIONS = YES;
				CLANG_WARN_DIRECT_OBJC_ISA_USAGE = YES_ERROR;
				CLANG_WARN_DOCUMENTATION_COMMENTS = YES;
				CLANG_WARN_EMPTY_BODY = YES;
				CLANG_WARN_ENUM_CONVERSION = YES;
				CLANG_WARN_INFINITE_RECURSION = YES;
				CLANG_WARN_INT_CONVERSION = YES;
				CLANG_WARN_NON_LITERAL_NULL_CONVERSION = YES;
				CLANG_WARN_OBJC_IMPLICIT_RETAIN_SELF = YES;
				CLANG_WARN_OBJC_LITERAL_CONVERSION = YES;
				CLANG_WARN_OBJC_ROOT_CLASS = YES_ERROR;
				CLANG_WARN_RANGE_LOOP_ANALYSIS = YES;
				CLANG_WARN_STRICT_PROTOTYPES = YES;
				CLANG_WARN_SUSPICIOUS_MOVE = YES;
				CLANG_WARN_UNGUARDED_AVAILABILITY = YES_AGGRESSIVE;
				CLANG_WARN_UNREACHABLE_CODE = YES;
				CLANG_WARN__DUPLICATE_METHOD_MATCH = YES;
				COPY_PHASE_STRIP = NO;
				DEBUG_INFORMATION_FORMAT = dwarf;
				ENABLE_STRICT_OBJC_MSGSEND = YES;
				ENABLE_TESTABILITY = YES;
				GCC_C_LANGUAGE_STANDARD = gnu11;
				GCC_DYNAMIC_NO_PIC = NO;
				GCC_NO_COMMON_BLOCKS = YES;
				GCC_OPTIMIZATION_LEVEL = 0;
				GCC_PREPROCESSOR_DEFINITIONS = (
					"DEBUG=1",
					"$(inherited)",
				);
				GCC_WARN_64_TO_32_BIT_CONVERSION = YES;
				GCC_WARN_ABOUT_RETURN_TYPE = YES_ERROR;
				GCC_WARN_UNDECLARED_SELECTOR = YES;
				GCC_WARN_UNINITIALIZED_AUTOS = YES_AGGRESSIVE;
				GCC_WARN_UNUSED_FUNCTION = YES;
				GCC_WARN_UNUSED_VARIABLE = YES;
				IPHONEOS_DEPLOYMENT_TARGET = 13.6;
				MTL_ENABLE_DEBUG_INFO = INCLUDE_SOURCE;
				MTL_FAST_MATH = YES;
				ONLY_ACTIVE_ARCH = YES;
				SDKROOT = iphoneos;
				SWIFT_ACTIVE_COMPILATION_CONDITIONS = DEBUG;
				SWIFT_OPTIMIZATION_LEVEL = "-Onone";
			};
			name = Debug;
		};
		A62D8974263D33A200192109 /* Release */ = {
			isa = XCBuildConfiguration;
			buildSettings = {
				ALWAYS_SEARCH_USER_PATHS = NO;
				CLANG_ANALYZER_NONNULL = YES;
				CLANG_ANALYZER_NUMBER_OBJECT_CONVERSION = YES_AGGRESSIVE;
				CLANG_CXX_LANGUAGE_STANDARD = "gnu++14";
				CLANG_CXX_LIBRARY = "libc++";
				CLANG_ENABLE_MODULES = YES;
				CLANG_ENABLE_OBJC_ARC = YES;
				CLANG_ENABLE_OBJC_WEAK = YES;
				CLANG_WARN_BLOCK_CAPTURE_AUTORELEASING = YES;
				CLANG_WARN_BOOL_CONVERSION = YES;
				CLANG_WARN_COMMA = YES;
				CLANG_WARN_CONSTANT_CONVERSION = YES;
				CLANG_WARN_DEPRECATED_OBJC_IMPLEMENTATIONS = YES;
				CLANG_WARN_DIRECT_OBJC_ISA_USAGE = YES_ERROR;
				CLANG_WARN_DOCUMENTATION_COMMENTS = YES;
				CLANG_WARN_EMPTY_BODY = YES;
				CLANG_WARN_ENUM_CONVERSION = YES;
				CLANG_WARN_INFINITE_RECURSION = YES;
				CLANG_WARN_INT_CONVERSION = YES;
				CLANG_WARN_NON_LITERAL_NULL_CONVERSION = YES;
				CLANG_WARN_OBJC_IMPLICIT_RETAIN_SELF = YES;
				CLANG_WARN_OBJC_LITERAL_CONVERSION = YES;
				CLANG_WARN_OBJC_ROOT_CLASS = YES_ERROR;
				CLANG_WARN_RANGE_LOOP_ANALYSIS = YES;
				CLANG_WARN_STRICT_PROTOTYPES = YES;
				CLANG_WARN_SUSPICIOUS_MOVE = YES;
				CLANG_WARN_UNGUARDED_AVAILABILITY = YES_AGGRESSIVE;
				CLANG_WARN_UNREACHABLE_CODE = YES;
				CLANG_WARN__DUPLICATE_METHOD_MATCH = YES;
				COPY_PHASE_STRIP = NO;
				DEBUG_INFORMATION_FORMAT = "dwarf-with-dsym";
				ENABLE_NS_ASSERTIONS = NO;
				ENABLE_STRICT_OBJC_MSGSEND = YES;
				GCC_C_LANGUAGE_STANDARD = gnu11;
				GCC_NO_COMMON_BLOCKS = YES;
				GCC_WARN_64_TO_32_BIT_CONVERSION = YES;
				GCC_WARN_ABOUT_RETURN_TYPE = YES_ERROR;
				GCC_WARN_UNDECLARED_SELECTOR = YES;
				GCC_WARN_UNINITIALIZED_AUTOS = YES_AGGRESSIVE;
				GCC_WARN_UNUSED_FUNCTION = YES;
				GCC_WARN_UNUSED_VARIABLE = YES;
				IPHONEOS_DEPLOYMENT_TARGET = 13.6;
				MTL_ENABLE_DEBUG_INFO = NO;
				MTL_FAST_MATH = YES;
				SDKROOT = iphoneos;
				SWIFT_COMPILATION_MODE = wholemodule;
				SWIFT_OPTIMIZATION_LEVEL = "-O";
				VALIDATE_PRODUCT = YES;
			};
			name = Release;
		};
		A62D8976263D33A200192109 /* Debug */ = {
			isa = XCBuildConfiguration;
			buildSettings = {
				ASSETCATALOG_COMPILER_APPICON_NAME = AppIcon;
				CODE_SIGN_STYLE = Automatic;
				DEVELOPMENT_ASSET_PATHS = "\"Tableviews/Preview Content\"";
				ENABLE_PREVIEWS = YES;
				INFOPLIST_FILE = Tableviews/Info.plist;
				LD_RUNPATH_SEARCH_PATHS = (
					"$(inherited)",
					"@executable_path/Frameworks",
				);
				PRODUCT_BUNDLE_IDENTIFIER = com.rasika.Tableviews;
				PRODUCT_NAME = "$(TARGET_NAME)";
				SWIFT_VERSION = 5.0;
				TARGETED_DEVICE_FAMILY = "1,2";
			};
			name = Debug;
		};
		A62D8977263D33A200192109 /* Release */ = {
			isa = XCBuildConfiguration;
			buildSettings = {
				ASSETCATALOG_COMPILER_APPICON_NAME = AppIcon;
				CODE_SIGN_STYLE = Automatic;
				DEVELOPMENT_ASSET_PATHS = "\"Tableviews/Preview Content\"";
				ENABLE_PREVIEWS = YES;
				INFOPLIST_FILE = Tableviews/Info.plist;
				LD_RUNPATH_SEARCH_PATHS = (
					"$(inherited)",
					"@executable_path/Frameworks",
				);
				PRODUCT_BUNDLE_IDENTIFIER = com.rasika.Tableviews;
				PRODUCT_NAME = "$(TARGET_NAME)";
				SWIFT_VERSION = 5.0;
				TARGETED_DEVICE_FAMILY = "1,2";
			};
			name = Release;
		};
		A62D8979263D33A200192109 /* Debug */ = {
			isa = XCBuildConfiguration;
			buildSettings = {
				ALWAYS_EMBED_SWIFT_STANDARD_LIBRARIES = YES;
				BUNDLE_LOADER = "$(TEST_HOST)";
				CODE_SIGN_STYLE = Automatic;
				INFOPLIST_FILE = TableviewsTests/Info.plist;
				IPHONEOS_DEPLOYMENT_TARGET = 13.6;
				LD_RUNPATH_SEARCH_PATHS = (
					"$(inherited)",
					"@executable_path/Frameworks",
					"@loader_path/Frameworks",
				);
				PRODUCT_BUNDLE_IDENTIFIER = com.rasika.TableviewsTests;
				PRODUCT_NAME = "$(TARGET_NAME)";
				SWIFT_VERSION = 5.0;
				TARGETED_DEVICE_FAMILY = "1,2";
				TEST_HOST = "$(BUILT_PRODUCTS_DIR)/Tableviews.app/Tableviews";
			};
			name = Debug;
		};
		A62D897A263D33A200192109 /* Release */ = {
			isa = XCBuildConfiguration;
			buildSettings = {
				ALWAYS_EMBED_SWIFT_STANDARD_LIBRARIES = YES;
				BUNDLE_LOADER = "$(TEST_HOST)";
				CODE_SIGN_STYLE = Automatic;
				INFOPLIST_FILE = TableviewsTests/Info.plist;
				IPHONEOS_DEPLOYMENT_TARGET = 13.6;
				LD_RUNPATH_SEARCH_PATHS = (
					"$(inherited)",
					"@executable_path/Frameworks",
					"@loader_path/Frameworks",
				);
				PRODUCT_BUNDLE_IDENTIFIER = com.rasika.TableviewsTests;
				PRODUCT_NAME = "$(TARGET_NAME)";
				SWIFT_VERSION = 5.0;
				TARGETED_DEVICE_FAMILY = "1,2";
				TEST_HOST = "$(BUILT_PRODUCTS_DIR)/Tableviews.app/Tableviews";
			};
			name = Release;
		};
		A62D897C263D33A200192109 /* Debug */ = {
			isa = XCBuildConfiguration;
			buildSettings = {
				ALWAYS_EMBED_SWIFT_STANDARD_LIBRARIES = YES;
				CODE_SIGN_STYLE = Automatic;
				INFOPLIST_FILE = TableviewsUITests/Info.plist;
				LD_RUNPATH_SEARCH_PATHS = (
					"$(inherited)",
					"@executable_path/Frameworks",
					"@loader_path/Frameworks",
				);
				PRODUCT_BUNDLE_IDENTIFIER = com.rasika.TableviewsUITests;
				PRODUCT_NAME = "$(TARGET_NAME)";
				SWIFT_VERSION = 5.0;
				TARGETED_DEVICE_FAMILY = "1,2";
				TEST_TARGET_NAME = Tableviews;
			};
			name = Debug;
		};
		A62D897D263D33A200192109 /* Release */ = {
			isa = XCBuildConfiguration;
			buildSettings = {
				ALWAYS_EMBED_SWIFT_STANDARD_LIBRARIES = YES;
				CODE_SIGN_STYLE = Automatic;
				INFOPLIST_FILE = TableviewsUITests/Info.plist;
				LD_RUNPATH_SEARCH_PATHS = (
					"$(inherited)",
					"@executable_path/Frameworks",
					"@loader_path/Frameworks",
				);
				PRODUCT_BUNDLE_IDENTIFIER = com.rasika.TableviewsUITests;
				PRODUCT_NAME = "$(TARGET_NAME)";
				SWIFT_VERSION = 5.0;
				TARGETED_DEVICE_FAMILY = "1,2";
				TEST_TARGET_NAME = Tableviews;
			};
			name = Release;
		};
/* End XCBuildConfiguration section */

/* Begin XCConfigurationList section */
		A62D8946263D339C00192109 /* Build configuration list for PBXProject "Tableviews" */ = {
			isa = XCConfigurationList;
			buildConfigurations = (
				A62D8973263D33A200192109 /* Debug */,
				A62D8974263D33A200192109 /* Release */,
			);
			defaultConfigurationIsVisible = 0;
			defaultConfigurationName = Release;
		};
		A62D8975263D33A200192109 /* Build configuration list for PBXNativeTarget "Tableviews" */ = {
			isa = XCConfigurationList;
			buildConfigurations = (
				A62D8976263D33A200192109 /* Debug */,
				A62D8977263D33A200192109 /* Release */,
			);
			defaultConfigurationIsVisible = 0;
			defaultConfigurationName = Release;
		};
		A62D8978263D33A200192109 /* Build configuration list for PBXNativeTarget "TableviewsTests" */ = {
			isa = XCConfigurationList;
			buildConfigurations = (
				A62D8979263D33A200192109 /* Debug */,
				A62D897A263D33A200192109 /* Release */,
			);
			defaultConfigurationIsVisible = 0;
			defaultConfigurationName = Release;
		};
		A62D897B263D33A200192109 /* Build configuration list for PBXNativeTarget "TableviewsUITests" */ = {
			isa = XCConfigurationList;
			buildConfigurations = (
				A62D897C263D33A200192109 /* Debug */,
				A62D897D263D33A200192109 /* Release */,
			);
			defaultConfigurationIsVisible = 0;
			defaultConfigurationName = Release;
		};
/* End XCConfigurationList section */
	};
	rootObject = A62D8943263D339C00192109 /* Project object */;
}
